
Microsoft Visual Studio Solution File, Format Version 12.00
# Visual Studio 14
VisualStudioVersion = 14.0.24720.0
MinimumVisualStudioVersion = 10.0.40219.1
Project("{888888A0-9F3D-457C-B088-3A5042F75D52}") = "bolt", "bolt.pyproj", "{57BECE59-B9AF-420C-8ADC-D4266D8C923B}"
EndProject
Project("{888888A0-9F3D-457C-B088-3A5042F75D52}") = "test", "test.pyproj", "{B069C73A-2B6D-4806-AC56-9E12840C95C6}"
EndProject
Project("{888888A0-9F3D-457C-B088-3A5042F75D52}") = "docs", "docs\docs.pyproj", "{32AA5AAD-3486-49B8-BBA3-18BB451FEA7F}"
EndProject
Project("{2150E333-8FDC-42A3-9474-1A3956D46DE8}") = "Solution Items", "Solution Items", "{95382645-9E79-4F1C-BB00-8E0D60E7B03E}"
	ProjectSection(SolutionItems) = preProject
		.gitattributes = .gitattributes
		.gitignore = .gitignore
		.travis.yml = .travis.yml
		boltfile.py = boltfile.py
		LICENSE = LICENSE
		README.md = README.md
		requirements.txt = requirements.txt
		setup.py = setup.py
	EndProjectSection
EndProject
Global
	GlobalSection(SolutionConfigurationPlatforms) = preSolution
		Debug|Any CPU = Debug|Any CPU
		Release|Any CPU = Release|Any CPU
	EndGlobalSection
	GlobalSection(ProjectConfigurationPlatforms) = postSolution
		{57BECE59-B9AF-420C-8ADC-D4266D8C923B}.Debug|Any CPU.ActiveCfg = Debug|Any CPU
		{57BECE59-B9AF-420C-8ADC-D4266D8C923B}.Release|Any CPU.ActiveCfg = Release|Any CPU
		{B069C73A-2B6D-4806-AC56-9E12840C95C6}.Debug|Any CPU.ActiveCfg = Debug|Any CPU
		{B069C73A-2B6D-4806-AC56-9E12840C95C6}.Release|Any CPU.ActiveCfg = Release|Any CPU
		{32AA5AAD-3486-49B8-BBA3-18BB451FEA7F}.Debug|Any CPU.ActiveCfg = Debug|Any CPU
		{32AA5AAD-3486-49B8-BBA3-18BB451FEA7F}.Release|Any CPU.ActiveCfg = Release|Any CPU
	EndGlobalSection
	GlobalSection(SolutionProperties) = preSolution
		HideSolutionNode = FALSE
	EndGlobalSection
EndGlobal
